# This file is autogenerated, do not edit; changes may be undone by the next 'dep ensure'.


[[projects]]
  branch = "master"
  name = "github.com/agl/ed25519"
  packages = [
    ".",
    "edwards25519"
  ]
  revision = "5312a61534124124185d41f09206b9fef1d88403"

[[projects]]
  branch = "master"
  name = "github.com/btcsuite/golangcrypto"
  packages = ["ripemd160"]
  revision = "53f62d9b43e87a6c56975cf862af7edf33a8d0df"

[[projects]]
  name = "github.com/dchest/blake256"
  packages = ["."]
  revision = "dee3fe6eb0e98dc774a94fc231f85baf7c29d360"
  version = "v1.0.0"

[[projects]]
  name = "github.com/decred/base58"
  packages = ["."]
  revision = "56c501706f00d9e1cfacee19a27117e12da24734"
  version = "v1.0.0"

[[projects]]
  name = "github.com/decred/dcrd"
  packages = [
    "chaincfg",
    "chaincfg/chainec",
    "chaincfg/chainhash",
    "dcrec/edwards",
    "dcrec/secp256k1",
    "dcrec/secp256k1/schnorr",
    "dcrutil",
    "wire"
  ]
  revision = "fd99f572cfd52ca722ad501ccb34acdcb22b4a67"
  version = "v1.2.0"

[[projects]]
  branch = "master"
  name = "golang.org/x/crypto"
  packages = ["ripemd160"]
  revision = "37a17fe027db43f76fd88b056ddf588563fc8722"

[solve-meta]
  analyzer-name = "dep"
  analyzer-version = 1
  inputs-digest = "0110482b3235021fdaaf4cb8982aa040e88503f659adab65233b6792f518f5f5"
  solver-name = "gps-cdcl"
  solver-version = 1
